<?xml version="1.0" encoding="utf-8"?>
<Project ToolsVersion="4.0" xmlns="http://schemas.microsoft.com/developer/msbuild/2003">
  <ItemGroup>
    <Filter Include="Source Files">
      <UniqueIdentifier>{4FC737F1-C7A5-4376-A066-2A32D752A2FF}</UniqueIdentifier>
      <Extensions>cpp;c;cc;cxx;def;odl;idl;hpj;bat;asm;asmx</Extensions>
    </Filter>
    <Filter Include="Header Files">
      <UniqueIdentifier>{93995380-89BD-4b04-88EB-625FBE52EBFB}</UniqueIdentifier>
      <Extensions>h;hh;hpp;hxx;hm;inl;inc;ipp;xsd</Extensions>
    </Filter>
    <Filter Include="Resource Files">
      <UniqueIdentifier>{67DA6AB6-F800-4c08-8B7A-83BB121AAD01}</UniqueIdentifier>
      <Extensions>rc;ico;cur;bmp;dlg;rc2;rct;bin;rgs;gif;jpg;jpeg;jpe;resx;tiff;tif;png;wav;mfcribbon-ms</Extensions>
    </Filter>
    <Filter Include="Header Files\test">
      <UniqueIdentifier>{5da96f46-758c-4497-ab3e-037cdaaee211}</UniqueIdentifier>
    </Filter>
    <Filter Include="Header Files\module">
      <UniqueIdentifier>{065e7ee6-b78c-4173-812f-9db715d0d570}</UniqueIdentifier>
    </Filter>
    <Filter Include="Source Files\test">
      <UniqueIdentifier>{2084bc17-a27f-431a-ad71-a2f947896c7a}</UniqueIdentifier>
    </Filter>
    <Filter Include="Source Files\module">
      <UniqueIdentifier>{30e01370-b8a3-4a14-b3ec-d6c654e55ed4}</UniqueIdentifier>
    </Filter>
  </ItemGroup>
  <ItemGroup>
    <ClInclude Include="src\argv.h">
      <Filter>Header Files</Filter>
    </ClInclude>
    <ClInclude Include="src\categorical.h">
      <Filter>Header Files</Filter>
    </ClInclude>
    <ClInclude Include="src\common.h">
      <Filter>Header Files</Filter>
    </ClInclude>
    <ClInclude Include="src\container.h">
      <Filter>Header Files</Filter>
    </ClInclude>
    <ClInclude Include="src\genotypes.h">
      <Filter>Header Files</Filter>
    </ClInclude>
    <ClInclude Include="src\gslsupp.h">
      <Filter>Header Files</Filter>
    </ClInclude>
    <ClInclude Include="src\lde.h">
      <Filter>Header Files</Filter>
    </ClInclude>
    <ClInclude Include="src\ll.h">
      <Filter>Header Files</Filter>
    </ClInclude>
    <ClInclude Include="src\log.h">
      <Filter>Header Files</Filter>
    </ClInclude>
    <ClInclude Include="src\main.h">
      <Filter>Header Files</Filter>
    </ClInclude>
    <ClInclude Include="src\memory.h">
      <Filter>Header Files</Filter>
    </ClInclude>
    <ClInclude Include="src\np.h">
      <Filter>Header Files</Filter>
    </ClInclude>
    <ClInclude Include="src\object.h">
      <Filter>Header Files</Filter>
    </ClInclude>
    <ClInclude Include="src\sort.h">
      <Filter>Header Files</Filter>
    </ClInclude>
    <ClInclude Include="src\sortmt.h">
      <Filter>Header Files</Filter>
    </ClInclude>
    <ClInclude Include="src\strproc.h">
      <Filter>Header Files</Filter>
    </ClInclude>
    <ClInclude Include="src\tblproc.h">
      <Filter>Header Files</Filter>
    </ClInclude>
    <ClInclude Include="src\test.h">
      <Filter>Header Files</Filter>
    </ClInclude>
    <ClInclude Include="src\threadpool.h">
      <Filter>Header Files</Filter>
    </ClInclude>
    <ClInclude Include="src\threadsupp.h">
      <Filter>Header Files</Filter>
    </ClInclude>
    <ClInclude Include="src\utf8.h">
      <Filter>Header Files</Filter>
    </ClInclude>
    <ClInclude Include="src\module\categorical.h">
      <Filter>Header Files\module</Filter>
    </ClInclude>
    <ClInclude Include="src\module\input.h">
      <Filter>Header Files\module</Filter>
    </ClInclude>
    <ClInclude Include="src\module\lde.h">
      <Filter>Header Files\module</Filter>
    </ClInclude>
    <ClInclude Include="src\module\root.h">
      <Filter>Header Files\module</Filter>
    </ClInclude>
    <ClInclude Include="src\test\categorical.h">
      <Filter>Header Files\test</Filter>
    </ClInclude>
    <ClInclude Include="src\test\ll.h">
      <Filter>Header Files\test</Filter>
    </ClInclude>
    <ClInclude Include="src\test\np.h">
      <Filter>Header Files\test</Filter>
    </ClInclude>
    <ClInclude Include="src\test\sort.h">
      <Filter>Header Files\test</Filter>
    </ClInclude>
    <ClInclude Include="src\test\utf8.h">
      <Filter>Header Files\test</Filter>
    </ClInclude>
    <ClInclude Include="src\intdom.h">
      <Filter>Header Files</Filter>
    </ClInclude>
    <ClInclude Include="src\lm.h">
      <Filter>Header Files</Filter>
    </ClInclude>
  </ItemGroup>
  <ItemGroup>
    <ClCompile Include="src\argv.c">
      <Filter>Source Files</Filter>
    </ClCompile>
    <ClCompile Include="src\categorical.c">
      <Filter>Source Files</Filter>
    </ClCompile>
    <ClCompile Include="src\container.c">
      <Filter>Source Files</Filter>
    </ClCompile>
    <ClCompile Include="src\genotypes.c">
      <Filter>Source Files</Filter>
    </ClCompile>
    <ClCompile Include="src\gslsupp.c">
      <Filter>Source Files</Filter>
    </ClCompile>
    <ClCompile Include="src\lde.c">
      <Filter>Source Files</Filter>
    </ClCompile>
    <ClCompile Include="src\ll.c">
      <Filter>Source Files</Filter>
    </ClCompile>
    <ClCompile Include="src\log.c">
      <Filter>Source Files</Filter>
    </ClCompile>
    <ClCompile Include="src\main.c">
      <Filter>Source Files</Filter>
    </ClCompile>
    <ClCompile Include="src\memory.c">
      <Filter>Source Files</Filter>
    </ClCompile>
    <ClCompile Include="src\np.c">
      <Filter>Source Files</Filter>
    </ClCompile>
    <ClCompile Include="src\object.c">
      <Filter>Source Files</Filter>
    </ClCompile>
    <ClCompile Include="src\sort.c">
      <Filter>Source Files</Filter>
    </ClCompile>
    <ClCompile Include="src\sortmt.c">
      <Filter>Source Files</Filter>
    </ClCompile>
    <ClCompile Include="src\strproc.c">
      <Filter>Source Files</Filter>
    </ClCompile>
    <ClCompile Include="src\tblproc.c">
      <Filter>Source Files</Filter>
    </ClCompile>
    <ClCompile Include="src\test.c">
      <Filter>Source Files</Filter>
    </ClCompile>
    <ClCompile Include="src\threadpool.c">
      <Filter>Source Files</Filter>
    </ClCompile>
    <ClCompile Include="src\threadsupp.c">
      <Filter>Source Files</Filter>
    </ClCompile>
    <ClCompile Include="src\utf8.c">
      <Filter>Source Files</Filter>
    </ClCompile>
    <ClCompile Include="src\module\categorical.c">
      <Filter>Source Files\module</Filter>
    </ClCompile>
    <ClCompile Include="src\module\input.c">
      <Filter>Source Files\module</Filter>
    </ClCompile>
    <ClCompile Include="src\module\lde.c">
      <Filter>Source Files\module</Filter>
    </ClCompile>
    <ClCompile Include="src\module\root.c">
      <Filter>Source Files\module</Filter>
    </ClCompile>
    <ClCompile Include="src\test\sort.c">
      <Filter>Source Files\test</Filter>
    </ClCompile>
    <ClCompile Include="src\test\np.c">
      <Filter>Source Files\test</Filter>
    </ClCompile>
    <ClCompile Include="src\test\ll.c">
      <Filter>Source Files\test</Filter>
    </ClCompile>
    <ClCompile Include="src\test\categorical.c">
      <Filter>Source Files\test</Filter>
    </ClCompile>
    <ClCompile Include="src\lm.c">
      <Filter>Source Files</Filter>
    </ClCompile>
    <ClCompile Include="src\test\utf8.c">
      <Filter>Source Files\test</Filter>
    </ClCompile>
  </ItemGroup>
</Project>